
Microsoft Visual Studio Solution File, Format Version 12.00
# Visual Studio 15
VisualStudioVersion = 15.0.28307.136
MinimumVisualStudioVersion = 10.0.40219.1
Project("{FAE04EC0-301F-11D3-BF4B-00C04F79EFBC}") = "RelojServer", "RelojServer\RelojServer.csproj", "{1387E60A-885C-45E4-A6A3-FFB17376FF17}"
EndProject
Global
	GlobalSection(SolutionConfigurationPlatforms) = preSolution
		Debug|Any CPU = Debug|Any CPU
		Release|Any CPU = Release|Any CPU
	EndGlobalSection
	GlobalSection(ProjectConfigurationPlatforms) = postSolution
		{1387E60A-885C-45E4-A6A3-FFB17376FF17}.Debug|Any CPU.ActiveCfg = Debug|Any CPU
		{1387E60A-885C-45E4-A6A3-FFB17376FF17}.Debug|Any CPU.Build.0 = Debug|Any CPU
		{1387E60A-885C-45E4-A6A3-FFB17376FF17}.Release|Any CPU.ActiveCfg = Release|Any CPU
		{1387E60A-885C-45E4-A6A3-FFB17376FF17}.Release|Any CPU.Build.0 = Release|Any CPU
	EndGlobalSection
	GlobalSection(SolutionProperties) = preSolution
		HideSolutionNode = FALSE
	EndGlobalSection
	GlobalSection(ExtensibilityGlobals) = postSolution
		SolutionGuid = {061F3450-CFE2-41D1-B224-D032E42794D2}
	EndGlobalSection
EndGlobal
